github.com/Xplit495/hangman-classic v0.0.0-20240126142940-feedc3275e46 h1:ZqptRE1EjwH4ygCDBgS6JWrzmRlpUexIY4OwVlQ0Wrw=
github.com/Xplit495/hangman-classic v0.0.0-20240126142940-feedc3275e46/go.mod h1:ur5+OGqM/lEC2erqtCUq45f3uANsaeTXv3eLYkP0QAU=
github.com/Xplit495/hangman-classic v0.0.0-20240126150839-7248d2876334 h1:2+hEi6SvI76AzRBySh30GRWrDk29zZMQ7I4FJZY42lQ=
github.com/Xplit495/hangman-classic v0.0.0-20240126150839-7248d2876334/go.mod h1:Sq/OT7MSRdlIcWekJF9n8EjD0m+sxAtn0XrCoB8VPIo=
github.com/Xplit495/hangman-classic v0.0.0-20240129162227-55809afaf3af h1:oVaN+hXn912fXut3zaQhj5pFF+6GarXh1G/ppnr5Qds=
github.com/Xplit495/hangman-classic v0.0.0-20240129162227-55809afaf3af/go.mod h1:syVrpXjGrEoLgLSRFUmhGKqzCgmFBZ5mjxdjNQhWC4c=
github.com/Xplit495/hangman-classic v0.0.0-20240201142626-24755ac6067b h1:XQbcAi4gip+oCl1thUMLykjuYh9fK0gAwAZkWoTqY40=
github.com/Xplit495/hangman-classic v0.0.0-20240201142626-24755ac6067b/go.mod h1:syVrpXjGrEoLgLSRFUmhGKqzCgmFBZ5mjxdjNQhWC4c=
github.com/Xplit495/hangman-classic v0.0.0-20240201143921-f7420cc522a1 h1:6nZpJ4oSMoF2uCkA4u1lvo8wZl8mZxv5oKEwd82tKL8=
github.com/Xplit495/hangman-classic v0.0.0-20240201143921-f7420cc522a1/go.mod h1:syVrpXjGrEoLgLSRFUmhGKqzCgmFBZ5mjxdjNQhWC4c=
github.com/Xplit495/hangman-classic v0.0.0-20240201145733-998133bb2a3a h1:qrxlUx+aQ+V3rKca7nN3NrnUBjZ3LrkBBIcNZ43WobQ=
github.com/Xplit495/hangman-classic v0.0.0-20240201145733-998133bb2a3a/go.mod h1:syVrpXjGrEoLgLSRFUmhGKqzCgmFBZ5mjxdjNQhWC4c=
github.com/Xplit495/hangman-classic v0.0.0-20240201151216-688336ceeb38 h1:pFO5M5zstO4eHiL4Zlzsw2qIHngAD5W1hy9ZvhFCNpc=
github.com/Xplit495/hangman-classic v0.0.0-20240201151216-688336ceeb38/go.mod h1:syVrpXjGrEoLgLSRFUmhGKqzCgmFBZ5mjxdjNQhWC4c=
github.com/Xplit495/hangman-classic v0.0.0-20240201151413-92ea44fe0a91 h1:wBeI66Jk575adXotHo9hV4AiP3ao2AL/UHXDD+8GxjU=
github.com/Xplit495/hangman-classic v0.0.0-20240201151413-92ea44fe0a91/go.mod h1:syVrpXjGrEoLgLSRFUmhGKqzCgmFBZ5mjxdjNQhWC4c=
github.com/Xplit495/hangman-classic v0.0.0-20240201151944-46e9d456aebe h1:ra3eRzRSQMvFGHQmPeJHbWBlAbs4s6inzYieISltLNg=
github.com/Xplit495/hangman-classic v0.0.0-20240201151944-46e9d456aebe/go.mod h1:syVrpXjGrEoLgLSRFUmhGKqzCgmFBZ5mjxdjNQhWC4c=
github.com/Xplit495/hangman-classic v0.0.0-20240201152249-e2be567b3a6b h1:jjit6XNqcLbUAyS6FAhOfdZNrce3ByQENCM8Qow0dD4=
github.com/Xplit495/hangman-classic v0.0.0-20240201152249-e2be567b3a6b/go.mod h1:syVrpXjGrEoLgLSRFUmhGKqzCgmFBZ5mjxdjNQhWC4c=
github.com/Xplit495/hangman-classic v0.0.0-20240209134514-deb25f189e93 h1:vcsNZy5mrWYFm2m3emejbTezKxofr4xey1IxBXF9Ha0=
github.com/Xplit495/hangman-classic v0.0.0-20240209134514-deb25f189e93/go.mod h1:syVrpXjGrEoLgLSRFUmhGKqzCgmFBZ5mjxdjNQhWC4c=
github.com/Xplit495/hangman-classic v0.0.0-20240209135251-2cd7bdfb99a6 h1:1C4KMpTZzb0OZlp+5FyqfIQE4UyCmOqOeFdHwoGZzCs=
github.com/Xplit495/hangman-classic v0.0.0-20240209135251-2cd7bdfb99a6/go.mod h1:syVrpXjGrEoLgLSRFUmhGKqzCgmFBZ5mjxdjNQhWC4c=
github.com/Xplit495/hangman-classic v0.0.0-20240209140416-7355d4198aed h1:jRJDzwqvCqJhG/B6nuEmm+5jPvdUqUfjjlrQeNBsKIw=
github.com/Xplit495/hangman-classic v0.0.0-20240209140416-7355d4198aed/go.mod h1:syVrpXjGrEoLgLSRFUmhGKqzCgmFBZ5mjxdjNQhWC4c=
github.com/Xplit495/hangman-classic v0.0.0-20240209142140-a7e26f4ed9f2 h1:iXp6tLrfBUBXqtU/by26/T/ToVXCxxhtbzzE9/yXEDQ=
github.com/Xplit495/hangman-classic v0.0.0-20240209142140-a7e26f4ed9f2/go.mod h1:syVrpXjGrEoLgLSRFUmhGKqzCgmFBZ5mjxdjNQhWC4c=
github.com/Xplit495/hangman-classic v0.0.0-20240209143027-bbe090a05984 h1:4bBYxQYKfl4RSza2aIciWzMTXknd9cGB2lUudrNkdps=
github.com/Xplit495/hangman-classic v0.0.0-20240209143027-bbe090a05984/go.mod h1:syVrpXjGrEoLgLSRFUmhGKqzCgmFBZ5mjxdjNQhWC4c=
github.com/Xplit495/hangman-classic v0.0.0-20240209143719-6e46d6d7046f h1:5DOXBB0gAQX9k1F56b1Xuxr5O6nslwH9hct5h1PnMhI=
github.com/Xplit495/hangman-classic v0.0.0-20240209143719-6e46d6d7046f/go.mod h1:syVrpXjGrEoLgLSRFUmhGKqzCgmFBZ5mjxdjNQhWC4c=
github.com/Xplit495/hangman-classic v0.0.0-20240209160232-d49f5e34647d h1:Ctht02d/4ZCZ8a0vf4BxnmKX/nqG5H+qlQyak6YBk9U=
github.com/Xplit495/hangman-classic v0.0.0-20240209160232-d49f5e34647d/go.mod h1:syVrpXjGrEoLgLSRFUmhGKqzCgmFBZ5mjxdjNQhWC4c=
github.com/Xplit495/hangman-classic v0.0.0-20240209160723-dafc6f06635b h1:LbrxDvumXjlaxggJJaGitDkQjBkf3PddQZmsNEOo3Ao=
github.com/Xplit495/hangman-classic v0.0.0-20240209160723-dafc6f06635b/go.mod h1:syVrpXjGrEoLgLSRFUmhGKqzCgmFBZ5mjxdjNQhWC4c=
github.com/Xplit495/hangman-classic v0.0.0-20240212143215-331119f2ab9b h1:4Q/nWrJOWkRqLvpAhsX37S32yfarlt5mF045x+UlRM4=
github.com/Xplit495/hangman-classic v0.0.0-20240212143215-331119f2ab9b/go.mod h1:syVrpXjGrEoLgLSRFUmhGKqzCgmFBZ5mjxdjNQhWC4c=
