github.com/Xplit495/hangman-classic v0.0.0-20240126142940-feedc3275e46 h1:ZqptRE1EjwH4ygCDBgS6JWrzmRlpUexIY4OwVlQ0Wrw=
github.com/Xplit495/hangman-classic v0.0.0-20240126142940-feedc3275e46/go.mod h1:ur5+OGqM/lEC2erqtCUq45f3uANsaeTXv3eLYkP0QAU=
github.com/Xplit495/hangman-classic v0.0.0-20240126150839-7248d2876334 h1:2+hEi6SvI76AzRBySh30GRWrDk29zZMQ7I4FJZY42lQ=
github.com/Xplit495/hangman-classic v0.0.0-20240126150839-7248d2876334/go.mod h1:Sq/OT7MSRdlIcWekJF9n8EjD0m+sxAtn0XrCoB8VPIo=
github.com/Xplit495/hangman-classic v0.0.0-20240129162227-55809afaf3af h1:oVaN+hXn912fXut3zaQhj5pFF+6GarXh1G/ppnr5Qds=
github.com/Xplit495/hangman-classic v0.0.0-20240129162227-55809afaf3af/go.mod h1:syVrpXjGrEoLgLSRFUmhGKqzCgmFBZ5mjxdjNQhWC4c=
github.com/Xplit495/hangman-classic v0.0.0-20240201142626-24755ac6067b h1:XQbcAi4gip+oCl1thUMLykjuYh9fK0gAwAZkWoTqY40=
github.com/Xplit495/hangman-classic v0.0.0-20240201142626-24755ac6067b/go.mod h1:syVrpXjGrEoLgLSRFUmhGKqzCgmFBZ5mjxdjNQhWC4c=
github.com/Xplit495/hangman-classic v0.0.0-20240201143921-f7420cc522a1 h1:6nZpJ4oSMoF2uCkA4u1lvo8wZl8mZxv5oKEwd82tKL8=
github.com/Xplit495/hangman-classic v0.0.0-20240201143921-f7420cc522a1/go.mod h1:syVrpXjGrEoLgLSRFUmhGKqzCgmFBZ5mjxdjNQhWC4c=
github.com/Xplit495/hangman-classic v0.0.0-20240201145733-998133bb2a3a h1:qrxlUx+aQ+V3rKca7nN3NrnUBjZ3LrkBBIcNZ43WobQ=
github.com/Xplit495/hangman-classic v0.0.0-20240201145733-998133bb2a3a/go.mod h1:syVrpXjGrEoLgLSRFUmhGKqzCgmFBZ5mjxdjNQhWC4c=
github.com/Xplit495/hangman-classic v0.0.0-20240201151216-688336ceeb38 h1:pFO5M5zstO4eHiL4Zlzsw2qIHngAD5W1hy9ZvhFCNpc=
github.com/Xplit495/hangman-classic v0.0.0-20240201151216-688336ceeb38/go.mod h1:syVrpXjGrEoLgLSRFUmhGKqzCgmFBZ5mjxdjNQhWC4c=
github.com/Xplit495/hangman-classic v0.0.0-20240201151413-92ea44fe0a91 h1:wBeI66Jk575adXotHo9hV4AiP3ao2AL/UHXDD+8GxjU=
github.com/Xplit495/hangman-classic v0.0.0-20240201151413-92ea44fe0a91/go.mod h1:syVrpXjGrEoLgLSRFUmhGKqzCgmFBZ5mjxdjNQhWC4c=
github.com/Xplit495/hangman-classic v0.0.0-20240201151944-46e9d456aebe h1:ra3eRzRSQMvFGHQmPeJHbWBlAbs4s6inzYieISltLNg=
github.com/Xplit495/hangman-classic v0.0.0-20240201151944-46e9d456aebe/go.mod h1:syVrpXjGrEoLgLSRFUmhGKqzCgmFBZ5mjxdjNQhWC4c=
github.com/Xplit495/hangman-classic v0.0.0-20240201152249-e2be567b3a6b h1:jjit6XNqcLbUAyS6FAhOfdZNrce3ByQENCM8Qow0dD4=
github.com/Xplit495/hangman-classic v0.0.0-20240201152249-e2be567b3a6b/go.mod h1:syVrpXjGrEoLgLSRFUmhGKqzCgmFBZ5mjxdjNQhWC4c=
