github.com/Xplit495/hangman-classic v0.0.0-20240126142940-feedc3275e46 h1:ZqptRE1EjwH4ygCDBgS6JWrzmRlpUexIY4OwVlQ0Wrw=
github.com/Xplit495/hangman-classic v0.0.0-20240126142940-feedc3275e46/go.mod h1:ur5+OGqM/lEC2erqtCUq45f3uANsaeTXv3eLYkP0QAU=
github.com/Xplit495/hangman-classic v0.0.0-20240126150839-7248d2876334 h1:2+hEi6SvI76AzRBySh30GRWrDk29zZMQ7I4FJZY42lQ=
github.com/Xplit495/hangman-classic v0.0.0-20240126150839-7248d2876334/go.mod h1:Sq/OT7MSRdlIcWekJF9n8EjD0m+sxAtn0XrCoB8VPIo=
